// !$*UTF8*$!
{
	archiveVersion = 1;
	classes = {
	};
	objectVersion = 55;
	objects = {

/* Begin PBXBuildFile section */
		1864F5AF27E1FA8A00F4CC71 /* AppDelegate.swift in Sources */ = {isa = PBXBuildFile; fileRef = 1864F5AE27E1FA8A00F4CC71 /* AppDelegate.swift */; };
		1864F5B127E1FA8A00F4CC71 /* SceneDelegate.swift in Sources */ = {isa = PBXBuildFile; fileRef = 1864F5B027E1FA8A00F4CC71 /* SceneDelegate.swift */; };
		1864F5B327E1FA8A00F4CC71 /* ViewController.swift in Sources */ = {isa = PBXBuildFile; fileRef = 1864F5B227E1FA8A00F4CC71 /* ViewController.swift */; };
		1864F5B627E1FA8A00F4CC71 /* Main.storyboard in Resources */ = {isa = PBXBuildFile; fileRef = 1864F5B427E1FA8A00F4CC71 /* Main.storyboard */; };
		1864F5B827E1FA8B00F4CC71 /* Assets.xcassets in Resources */ = {isa = PBXBuildFile; fileRef = 1864F5B727E1FA8B00F4CC71 /* Assets.xcassets */; };
		1864F5BB27E1FA8B00F4CC71 /* LaunchScreen.storyboard in Resources */ = {isa = PBXBuildFile; fileRef = 1864F5B927E1FA8B00F4CC71 /* LaunchScreen.storyboard */; };
		1864F5C627E1FA8C00F4CC71 /* TabBarController1Tests.swift in Sources */ = {isa = PBXBuildFile; fileRef = 1864F5C527E1FA8C00F4CC71 /* TabBarController1Tests.swift */; };
		1864F5D027E1FA8C00F4CC71 /* TabBarController1UITests.swift in Sources */ = {isa = PBXBuildFile; fileRef = 1864F5CF27E1FA8C00F4CC71 /* TabBarController1UITests.swift */; };
		1864F5D227E1FA8C00F4CC71 /* TabBarController1UITestsLaunchTests.swift in Sources */ = {isa = PBXBuildFile; fileRef = 1864F5D127E1FA8C00F4CC71 /* TabBarController1UITestsLaunchTests.swift */; };
/* End PBXBuildFile section */

/* Begin PBXContainerItemProxy section */
		1864F5C227E1FA8C00F4CC71 /* PBXContainerItemProxy */ = {
			isa = PBXContainerItemProxy;
			containerPortal = 1864F5A327E1FA8A00F4CC71 /* Project object */;
			proxyType = 1;
			remoteGlobalIDString = 1864F5AA27E1FA8A00F4CC71;
			remoteInfo = TabBarController1;
		};
		1864F5CC27E1FA8C00F4CC71 /* PBXContainerItemProxy */ = {
			isa = PBXContainerItemProxy;
			containerPortal = 1864F5A327E1FA8A00F4CC71 /* Project object */;
			proxyType = 1;
			remoteGlobalIDString = 1864F5AA27E1FA8A00F4CC71;
			remoteInfo = TabBarController1;
		};
/* End PBXContainerItemProxy section */

/* Begin PBXFileReference section */
		1864F5AB27E1FA8A00F4CC71 /* TabBarController1.app */ = {isa = PBXFileReference; explicitFileType = wrapper.application; includeInIndex = 0; path = TabBarController1.app; sourceTree = BUILT_PRODUCTS_DIR; };
		1864F5AE27E1FA8A00F4CC71 /* AppDelegate.swift */ = {isa = PBXFileReference; lastKnownFileType = sourcecode.swift; path = AppDelegate.swift; sourceTree = "<group>"; };
		1864F5B027E1FA8A00F4CC71 /* SceneDelegate.swift */ = {isa = PBXFileReference; lastKnownFileType = sourcecode.swift; path = SceneDelegate.swift; sourceTree = "<group>"; };
		1864F5B227E1FA8A00F4CC71 /* ViewController.swift */ = {isa = PBXFileReference; lastKnownFileType = sourcecode.swift; path = ViewController.swift; sourceTree = "<group>"; };
		1864F5B527E1FA8A00F4CC71 /* Base */ = {isa = PBXFileReference; lastKnownFileType = file.storyboard; name = Base; path = Base.lproj/Main.storyboard; sourceTree = "<group>"; };
		1864F5B727E1FA8B00F4CC71 /* Assets.xcassets */ = {isa = PBXFileReference; lastKnownFileType = folder.assetcatalog; path = Assets.xcassets; sourceTree = "<group>"; };
		1864F5BA27E1FA8B00F4CC71 /* Base */ = {isa = PBXFileReference; lastKnownFileType = file.storyboard; name = Base; path = Base.lproj/LaunchScreen.storyboard; sourceTree = "<group>"; };
		1864F5BC27E1FA8B00F4CC71 /* Info.plist */ = {isa = PBXFileReference; lastKnownFileType = text.plist.xml; path = Info.plist; sourceTree = "<group>"; };
		1864F5C127E1FA8C00F4CC71 /* TabBarController1Tests.xctest */ = {isa = PBXFileReference; explicitFileType = wrapper.cfbundle; includeInIndex = 0; path = TabBarController1Tests.xctest; sourceTree = BUILT_PRODUCTS_DIR; };
		1864F5C527E1FA8C00F4CC71 /* TabBarController1Tests.swift */ = {isa = PBXFileReference; lastKnownFileType = sourcecode.swift; path = TabBarController1Tests.swift; sourceTree = "<group>"; };
		1864F5CB27E1FA8C00F4CC71 /* TabBarController1UITests.xctest */ = {isa = PBXFileReference; explicitFileType = wrapper.cfbundle; includeInIndex = 0; path = TabBarController1UITests.xctest; sourceTree = BUILT_PRODUCTS_DIR; };
		1864F5CF27E1FA8C00F4CC71 /* TabBarController1UITests.swift */ = {isa = PBXFileReference; lastKnownFileType = sourcecode.swift; path = TabBarController1UITests.swift; sourceTree = "<group>"; };
		1864F5D127E1FA8C00F4CC71 /* TabBarController1UITestsLaunchTests.swift */ = {isa = PBXFileReference; lastKnownFileType = sourcecode.swift; path = TabBarController1UITestsLaunchTests.swift; sourceTree = "<group>"; };
/* End PBXFileReference section */

/* Begin PBXFrameworksBuildPhase section */
		1864F5A827E1FA8A00F4CC71 /* Frameworks */ = {
			isa = PBXFrameworksBuildPhase;
			buildActionMask = 2147483647;
			files = (
			);
			runOnlyForDeploymentPostprocessing = 0;
		};
		1864F5BE27E1FA8C00F4CC71 /* Frameworks */ = {
			isa = PBXFrameworksBuildPhase;
			buildActionMask = 2147483647;
			files = (
			);
			runOnlyForDeploymentPostprocessing = 0;
		};
		1864F5C827E1FA8C00F4CC71 /* Frameworks */ = {
			isa = PBXFrameworksBuildPhase;
			buildActionMask = 2147483647;
			files = (
			);
			runOnlyForDeploymentPostprocessing = 0;
		};
/* End PBXFrameworksBuildPhase section */

/* Begin PBXGroup section */
		1864F5A227E1FA8A00F4CC71 = {
			isa = PBXGroup;
			children = (
				1864F5AD27E1FA8A00F4CC71 /* TabBarController1 */,
				1864F5C427E1FA8C00F4CC71 /* TabBarController1Tests */,
				1864F5CE27E1FA8C00F4CC71 /* TabBarController1UITests */,
				1864F5AC27E1FA8A00F4CC71 /* Products */,
			);
			sourceTree = "<group>";
		};
		1864F5AC27E1FA8A00F4CC71 /* Products */ = {
			isa = PBXGroup;
			children = (
				1864F5AB27E1FA8A00F4CC71 /* TabBarController1.app */,
				1864F5C127E1FA8C00F4CC71 /* TabBarController1Tests.xctest */,
				1864F5CB27E1FA8C00F4CC71 /* TabBarController1UITests.xctest */,
			);
			name = Products;
			sourceTree = "<group>";
		};
		1864F5AD27E1FA8A00F4CC71 /* TabBarController1 */ = {
			isa = PBXGroup;
			children = (
				1864F5AE27E1FA8A00F4CC71 /* AppDelegate.swift */,
				1864F5B027E1FA8A00F4CC71 /* SceneDelegate.swift */,
				1864F5B227E1FA8A00F4CC71 /* ViewController.swift */,
				1864F5B427E1FA8A00F4CC71 /* Main.storyboard */,
				1864F5B727E1FA8B00F4CC71 /* Assets.xcassets */,
				1864F5B927E1FA8B00F4CC71 /* LaunchScreen.storyboard */,
				1864F5BC27E1FA8B00F4CC71 /* Info.plist */,
			);
			path = TabBarController1;
			sourceTree = "<group>";
		};
		1864F5C427E1FA8C00F4CC71 /* TabBarController1Tests */ = {
			isa = PBXGroup;
			children = (
				1864F5C527E1FA8C00F4CC71 /* TabBarController1Tests.swift */,
			);
			path = TabBarController1Tests;
			sourceTree = "<group>";
		};
		1864F5CE27E1FA8C00F4CC71 /* TabBarController1UITests */ = {
			isa = PBXGroup;
			children = (
				1864F5CF27E1FA8C00F4CC71 /* TabBarController1UITests.swift */,
				1864F5D127E1FA8C00F4CC71 /* TabBarController1UITestsLaunchTests.swift */,
			);
			path = TabBarController1UITests;
			sourceTree = "<group>";
		};
/* End PBXGroup section */

/* Begin PBXNativeTarget section */
		1864F5AA27E1FA8A00F4CC71 /* TabBarController1 */ = {
			isa = PBXNativeTarget;
			buildConfigurationList = 1864F5D527E1FA8C00F4CC71 /* Build configuration list for PBXNativeTarget "TabBarController1" */;
			buildPhases = (
				1864F5A727E1FA8A00F4CC71 /* Sources */,
				1864F5A827E1FA8A00F4CC71 /* Frameworks */,
				1864F5A927E1FA8A00F4CC71 /* Resources */,
			);
			buildRules = (
			);
			dependencies = (
			);
			name = TabBarController1;
			productName = TabBarController1;
			productReference = 1864F5AB27E1FA8A00F4CC71 /* TabBarController1.app */;
			productType = "com.apple.product-type.application";
		};
		1864F5C027E1FA8C00F4CC71 /* TabBarController1Tests */ = {
			isa = PBXNativeTarget;
			buildConfigurationList = 1864F5D827E1FA8C00F4CC71 /* Build configuration list for PBXNativeTarget "TabBarController1Tests" */;
			buildPhases = (
				1864F5BD27E1FA8C00F4CC71 /* Sources */,
				1864F5BE27E1FA8C00F4CC71 /* Frameworks */,
				1864F5BF27E1FA8C00F4CC71 /* Resources */,
			);
			buildRules = (
			);
			dependencies = (
				1864F5C327E1FA8C00F4CC71 /* PBXTargetDependency */,
			);
			name = TabBarController1Tests;
			productName = TabBarController1Tests;
			productReference = 1864F5C127E1FA8C00F4CC71 /* TabBarController1Tests.xctest */;
			productType = "com.apple.product-type.bundle.unit-test";
		};
		1864F5CA27E1FA8C00F4CC71 /* TabBarController1UITests */ = {
			isa = PBXNativeTarget;
			buildConfigurationList = 1864F5DB27E1FA8C00F4CC71 /* Build configuration list for PBXNativeTarget "TabBarController1UITests" */;
			buildPhases = (
				1864F5C727E1FA8C00F4CC71 /* Sources */,
				1864F5C827E1FA8C00F4CC71 /* Frameworks */,
				1864F5C927E1FA8C00F4CC71 /* Resources */,
			);
			buildRules = (
			);
			dependencies = (
				1864F5CD27E1FA8C00F4CC71 /* PBXTargetDependency */,
			);
			name = TabBarController1UITests;
			productName = TabBarController1UITests;
			productReference = 1864F5CB27E1FA8C00F4CC71 /* TabBarController1UITests.xctest */;
			productType = "com.apple.product-type.bundle.ui-testing";
		};
/* End PBXNativeTarget section */

/* Begin PBXProject section */
		1864F5A327E1FA8A00F4CC71 /* Project object */ = {
			isa = PBXProject;
			attributes = {
				BuildIndependentTargetsInParallel = 1;
				LastSwiftUpdateCheck = 1330;
				LastUpgradeCheck = 1330;
				TargetAttributes = {
					1864F5AA27E1FA8A00F4CC71 = {
						CreatedOnToolsVersion = 13.3;
					};
					1864F5C027E1FA8C00F4CC71 = {
						CreatedOnToolsVersion = 13.3;
						TestTargetID = 1864F5AA27E1FA8A00F4CC71;
					};
					1864F5CA27E1FA8C00F4CC71 = {
						CreatedOnToolsVersion = 13.3;
						TestTargetID = 1864F5AA27E1FA8A00F4CC71;
					};
				};
			};
			buildConfigurationList = 1864F5A627E1FA8A00F4CC71 /* Build configuration list for PBXProject "TabBarController1" */;
			compatibilityVersion = "Xcode 13.0";
			developmentRegion = en;
			hasScannedForEncodings = 0;
			knownRegions = (
				en,
				Base,
			);
			mainGroup = 1864F5A227E1FA8A00F4CC71;
			productRefGroup = 1864F5AC27E1FA8A00F4CC71 /* Products */;
			projectDirPath = "";
			projectRoot = "";
			targets = (
				1864F5AA27E1FA8A00F4CC71 /* TabBarController1 */,
				1864F5C027E1FA8C00F4CC71 /* TabBarController1Tests */,
				1864F5CA27E1FA8C00F4CC71 /* TabBarController1UITests */,
			);
		};
/* End PBXProject section */

/* Begin PBXResourcesBuildPhase section */
		1864F5A927E1FA8A00F4CC71 /* Resources */ = {
			isa = PBXResourcesBuildPhase;
			buildActionMask = 2147483647;
			files = (
				1864F5BB27E1FA8B00F4CC71 /* LaunchScreen.storyboard in Resources */,
				1864F5B827E1FA8B00F4CC71 /* Assets.xcassets in Resources */,
				1864F5B627E1FA8A00F4CC71 /* Main.storyboard in Resources */,
			);
			runOnlyForDeploymentPostprocessing = 0;
		};
		1864F5BF27E1FA8C00F4CC71 /* Resources */ = {
			isa = PBXResourcesBuildPhase;
			buildActionMask = 2147483647;
			files = (
			);
			runOnlyForDeploymentPostprocessing = 0;
		};
		1864F5C927E1FA8C00F4CC71 /* Resources */ = {
			isa = PBXResourcesBuildPhase;
			buildActionMask = 2147483647;
			files = (
			);
			runOnlyForDeploymentPostprocessing = 0;
		};
/* End PBXResourcesBuildPhase section */

/* Begin PBXSourcesBuildPhase section */
		1864F5A727E1FA8A00F4CC71 /* Sources */ = {
			isa = PBXSourcesBuildPhase;
			buildActionMask = 2147483647;
			files = (
				1864F5B327E1FA8A00F4CC71 /* ViewController.swift in Sources */,
				1864F5AF27E1FA8A00F4CC71 /* AppDelegate.swift in Sources */,
				1864F5B127E1FA8A00F4CC71 /* SceneDelegate.swift in Sources */,
			);
			runOnlyForDeploymentPostprocessing = 0;
		};
		1864F5BD27E1FA8C00F4CC71 /* Sources */ = {
			isa = PBXSourcesBuildPhase;
			buildActionMask = 2147483647;
			files = (
				1864F5C627E1FA8C00F4CC71 /* TabBarController1Tests.swift in Sources */,
			);
			runOnlyForDeploymentPostprocessing = 0;
		};
		1864F5C727E1FA8C00F4CC71 /* Sources */ = {
			isa = PBXSourcesBuildPhase;
			buildActionMask = 2147483647;
			files = (
				1864F5D227E1FA8C00F4CC71 /* TabBarController1UITestsLaunchTests.swift in Sources */,
				1864F5D027E1FA8C00F4CC71 /* TabBarController1UITests.swift in Sources */,
			);
			runOnlyForDeploymentPostprocessing = 0;
		};
/* End PBXSourcesBuildPhase section */

/* Begin PBXTargetDependency section */
		1864F5C327E1FA8C00F4CC71 /* PBXTargetDependency */ = {
			isa = PBXTargetDependency;
			target = 1864F5AA27E1FA8A00F4CC71 /* TabBarController1 */;
			targetProxy = 1864F5C227E1FA8C00F4CC71 /* PBXContainerItemProxy */;
		};
		1864F5CD27E1FA8C00F4CC71 /* PBXTargetDependency */ = {
			isa = PBXTargetDependency;
			target = 1864F5AA27E1FA8A00F4CC71 /* TabBarController1 */;
			targetProxy = 1864F5CC27E1FA8C00F4CC71 /* PBXContainerItemProxy */;
		};
/* End PBXTargetDependency section */

/* Begin PBXVariantGroup section */
		1864F5B427E1FA8A00F4CC71 /* Main.storyboard */ = {
			isa = PBXVariantGroup;
			children = (
				1864F5B527E1FA8A00F4CC71 /* Base */,
			);
			name = Main.storyboard;
			sourceTree = "<group>";
		};
		1864F5B927E1FA8B00F4CC71 /* LaunchScreen.storyboard */ = {
			isa = PBXVariantGroup;
			children = (
				1864F5BA27E1FA8B00F4CC71 /* Base */,
			);
			name = LaunchScreen.storyboard;
			sourceTree = "<group>";
		};
/* End PBXVariantGroup section */

/* Begin XCBuildConfiguration section */
		1864F5D327E1FA8C00F4CC71 /* Debug */ = {
			isa = XCBuildConfiguration;
			buildSettings = {
				ALWAYS_SEARCH_USER_PATHS = NO;
				CLANG_ANALYZER_NONNULL = YES;
				CLANG_ANALYZER_NUMBER_OBJECT_CONVERSION = YES_AGGRESSIVE;
				CLANG_CXX_LANGUAGE_STANDARD = "gnu++17";
				CLANG_ENABLE_MODULES = YES;
				CLANG_ENABLE_OBJC_ARC = YES;
				CLANG_ENABLE_OBJC_WEAK = YES;
				CLANG_WARN_BLOCK_CAPTURE_AUTORELEASING = YES;
				CLANG_WARN_BOOL_CONVERSION = YES;
				CLANG_WARN_COMMA = YES;
				CLANG_WARN_CONSTANT_CONVERSION = YES;
				CLANG_WARN_DEPRECATED_OBJC_IMPLEMENTATIONS = YES;
				CLANG_WARN_DIRECT_OBJC_ISA_USAGE = YES_ERROR;
				CLANG_WARN_DOCUMENTATION_COMMENTS = YES;
				CLANG_WARN_EMPTY_BODY = YES;
				CLANG_WARN_ENUM_CONVERSION = YES;
				CLANG_WARN_INFINITE_RECURSION = YES;
				CLANG_WARN_INT_CONVERSION = YES;
				CLANG_WARN_NON_LITERAL_NULL_CONVERSION = YES;
				CLANG_WARN_OBJC_IMPLICIT_RETAIN_SELF = YES;
				CLANG_WARN_OBJC_LITERAL_CONVERSION = YES;
				CLANG_WARN_OBJC_ROOT_CLASS = YES_ERROR;
				CLANG_WARN_QUOTED_INCLUDE_IN_FRAMEWORK_HEADER = YES;
				CLANG_WARN_RANGE_LOOP_ANALYSIS = YES;
				CLANG_WARN_STRICT_PROTOTYPES = YES;
				CLANG_WARN_SUSPICIOUS_MOVE = YES;
				CLANG_WARN_UNGUARDED_AVAILABILITY = YES_AGGRESSIVE;
				CLANG_WARN_UNREACHABLE_CODE = YES;
				CLANG_WARN__DUPLICATE_METHOD_MATCH = YES;
				COPY_PHASE_STRIP = NO;
				DEBUG_INFORMATION_FORMAT = dwarf;
				ENABLE_STRICT_OBJC_MSGSEND = YES;
				ENABLE_TESTABILITY = YES;
				GCC_C_LANGUAGE_STANDARD = gnu11;
				GCC_DYNAMIC_NO_PIC = NO;
				GCC_NO_COMMON_BLOCKS = YES;
				GCC_OPTIMIZATION_LEVEL = 0;
				GCC_PREPROCESSOR_DEFINITIONS = (
					"DEBUG=1",
					"$(inherited)",
				);
				GCC_WARN_64_TO_32_BIT_CONVERSION = YES;
				GCC_WARN_ABOUT_RETURN_TYPE = YES_ERROR;
				GCC_WARN_UNDECLARED_SELECTOR = YES;
				GCC_WARN_UNINITIALIZED_AUTOS = YES_AGGRESSIVE;
				GCC_WARN_UNUSED_FUNCTION = YES;
				GCC_WARN_UNUSED_VARIABLE = YES;
				IPHONEOS_DEPLOYMENT_TARGET = 15.4;
				MTL_ENABLE_DEBUG_INFO = INCLUDE_SOURCE;
				MTL_FAST_MATH = YES;
				ONLY_ACTIVE_ARCH = YES;
				SDKROOT = iphoneos;
				SWIFT_ACTIVE_COMPILATION_CONDITIONS = DEBUG;
				SWIFT_OPTIMIZATION_LEVEL = "-Onone";
			};
			name = Debug;
		};
		1864F5D427E1FA8C00F4CC71 /* Release */ = {
			isa = XCBuildConfiguration;
			buildSettings = {
				ALWAYS_SEARCH_USER_PATHS = NO;
				CLANG_ANALYZER_NONNULL = YES;
				CLANG_ANALYZER_NUMBER_OBJECT_CONVERSION = YES_AGGRESSIVE;
				CLANG_CXX_LANGUAGE_STANDARD = "gnu++17";
				CLANG_ENABLE_MODULES = YES;
				CLANG_ENABLE_OBJC_ARC = YES;
				CLANG_ENABLE_OBJC_WEAK = YES;
				CLANG_WARN_BLOCK_CAPTURE_AUTORELEASING = YES;
				CLANG_WARN_BOOL_CONVERSION = YES;
				CLANG_WARN_COMMA = YES;
				CLANG_WARN_CONSTANT_CONVERSION = YES;
				CLANG_WARN_DEPRECATED_OBJC_IMPLEMENTATIONS = YES;
				CLANG_WARN_DIRECT_OBJC_ISA_USAGE = YES_ERROR;
				CLANG_WARN_DOCUMENTATION_COMMENTS = YES;
				CLANG_WARN_EMPTY_BODY = YES;
				CLANG_WARN_ENUM_CONVERSION = YES;
				CLANG_WARN_INFINITE_RECURSION = YES;
				CLANG_WARN_INT_CONVERSION = YES;
				CLANG_WARN_NON_LITERAL_NULL_CONVERSION = YES;
				CLANG_WARN_OBJC_IMPLICIT_RETAIN_SELF = YES;
				CLANG_WARN_OBJC_LITERAL_CONVERSION = YES;
				CLANG_WARN_OBJC_ROOT_CLASS = YES_ERROR;
				CLANG_WARN_QUOTED_INCLUDE_IN_FRAMEWORK_HEADER = YES;
				CLANG_WARN_RANGE_LOOP_ANALYSIS = YES;
				CLANG_WARN_STRICT_PROTOTYPES = YES;
				CLANG_WARN_SUSPICIOUS_MOVE = YES;
				CLANG_WARN_UNGUARDED_AVAILABILITY = YES_AGGRESSIVE;
				CLANG_WARN_UNREACHABLE_CODE = YES;
				CLANG_WARN__DUPLICATE_METHOD_MATCH = YES;
				COPY_PHASE_STRIP = NO;
				DEBUG_INFORMATION_FORMAT = "dwarf-with-dsym";
				ENABLE_NS_ASSERTIONS = NO;
				ENABLE_STRICT_OBJC_MSGSEND = YES;
				GCC_C_LANGUAGE_STANDARD = gnu11;
				GCC_NO_COMMON_BLOCKS = YES;
				GCC_WARN_64_TO_32_BIT_CONVERSION = YES;
				GCC_WARN_ABOUT_RETURN_TYPE = YES_ERROR;
				GCC_WARN_UNDECLARED_SELECTOR = YES;
				GCC_WARN_UNINITIALIZED_AUTOS = YES_AGGRESSIVE;
				GCC_WARN_UNUSED_FUNCTION = YES;
				GCC_WARN_UNUSED_VARIABLE = YES;
				IPHONEOS_DEPLOYMENT_TARGET = 15.4;
				MTL_ENABLE_DEBUG_INFO = NO;
				MTL_FAST_MATH = YES;
				SDKROOT = iphoneos;
				SWIFT_COMPILATION_MODE = wholemodule;
				SWIFT_OPTIMIZATION_LEVEL = "-O";
				VALIDATE_PRODUCT = YES;
			};
			name = Release;
		};
		1864F5D627E1FA8C00F4CC71 /* Debug */ = {
			isa = XCBuildConfiguration;
			buildSettings = {
				ASSETCATALOG_COMPILER_APPICON_NAME = AppIcon;
				ASSETCATALOG_COMPILER_GLOBAL_ACCENT_COLOR_NAME = AccentColor;
				CODE_SIGN_STYLE = Automatic;
				CURRENT_PROJECT_VERSION = 1;
				GENERATE_INFOPLIST_FILE = YES;
				INFOPLIST_FILE = TabBarController1/Info.plist;
				INFOPLIST_KEY_UIApplicationSupportsIndirectInputEvents = YES;
				INFOPLIST_KEY_UILaunchStoryboardName = LaunchScreen;
				INFOPLIST_KEY_UIMainStoryboardFile = Main;
				INFOPLIST_KEY_UISupportedInterfaceOrientations_iPad = "UIInterfaceOrientationPortrait UIInterfaceOrientationPortraitUpsideDown UIInterfaceOrientationLandscapeLeft UIInterfaceOrientationLandscapeRight";
				INFOPLIST_KEY_UISupportedInterfaceOrientations_iPhone = "UIInterfaceOrientationPortrait UIInterfaceOrientationLandscapeLeft UIInterfaceOrientationLandscapeRight";
				LD_RUNPATH_SEARCH_PATHS = (
					"$(inherited)",
					"@executable_path/Frameworks",
				);
				MARKETING_VERSION = 1.0;
				PRODUCT_BUNDLE_IDENTIFIER = second.TabBarController1;
				PRODUCT_NAME = "$(TARGET_NAME)";
				SWIFT_EMIT_LOC_STRINGS = YES;
				SWIFT_VERSION = 5.0;
				TARGETED_DEVICE_FAMILY = "1,2";
			};
			name = Debug;
		};
		1864F5D727E1FA8C00F4CC71 /* Release */ = {
			isa = XCBuildConfiguration;
			buildSettings = {
				ASSETCATALOG_COMPILER_APPICON_NAME = AppIcon;
				ASSETCATALOG_COMPILER_GLOBAL_ACCENT_COLOR_NAME = AccentColor;
				CODE_SIGN_STYLE = Automatic;
				CURRENT_PROJECT_VERSION = 1;
				GENERATE_INFOPLIST_FILE = YES;
				INFOPLIST_FILE = TabBarController1/Info.plist;
				INFOPLIST_KEY_UIApplicationSupportsIndirectInputEvents = YES;
				INFOPLIST_KEY_UILaunchStoryboardName = LaunchScreen;
				INFOPLIST_KEY_UIMainStoryboardFile = Main;
				INFOPLIST_KEY_UISupportedInterfaceOrientations_iPad = "UIInterfaceOrientationPortrait UIInterfaceOrientationPortraitUpsideDown UIInterfaceOrientationLandscapeLeft UIInterfaceOrientationLandscapeRight";
				INFOPLIST_KEY_UISupportedInterfaceOrientations_iPhone = "UIInterfaceOrientationPortrait UIInterfaceOrientationLandscapeLeft UIInterfaceOrientationLandscapeRight";
				LD_RUNPATH_SEARCH_PATHS = (
					"$(inherited)",
					"@executable_path/Frameworks",
				);
				MARKETING_VERSION = 1.0;
				PRODUCT_BUNDLE_IDENTIFIER = second.TabBarController1;
				PRODUCT_NAME = "$(TARGET_NAME)";
				SWIFT_EMIT_LOC_STRINGS = YES;
				SWIFT_VERSION = 5.0;
				TARGETED_DEVICE_FAMILY = "1,2";
			};
			name = Release;
		};
		1864F5D927E1FA8C00F4CC71 /* Debug */ = {
			isa = XCBuildConfiguration;
			buildSettings = {
				ALWAYS_EMBED_SWIFT_STANDARD_LIBRARIES = YES;
				BUNDLE_LOADER = "$(TEST_HOST)";
				CODE_SIGN_STYLE = Automatic;
				CURRENT_PROJECT_VERSION = 1;
				GENERATE_INFOPLIST_FILE = YES;
				IPHONEOS_DEPLOYMENT_TARGET = 15.4;
				MARKETING_VERSION = 1.0;
				PRODUCT_BUNDLE_IDENTIFIER = second.TabBarController1Tests;
				PRODUCT_NAME = "$(TARGET_NAME)";
				SWIFT_EMIT_LOC_STRINGS = NO;
				SWIFT_VERSION = 5.0;
				TARGETED_DEVICE_FAMILY = "1,2";
				TEST_HOST = "$(BUILT_PRODUCTS_DIR)/TabBarController1.app/TabBarController1";
			};
			name = Debug;
		};
		1864F5DA27E1FA8C00F4CC71 /* Release */ = {
			isa = XCBuildConfiguration;
			buildSettings = {
				ALWAYS_EMBED_SWIFT_STANDARD_LIBRARIES = YES;
				BUNDLE_LOADER = "$(TEST_HOST)";
				CODE_SIGN_STYLE = Automatic;
				CURRENT_PROJECT_VERSION = 1;
				GENERATE_INFOPLIST_FILE = YES;
				IPHONEOS_DEPLOYMENT_TARGET = 15.4;
				MARKETING_VERSION = 1.0;
				PRODUCT_BUNDLE_IDENTIFIER = second.TabBarController1Tests;
				PRODUCT_NAME = "$(TARGET_NAME)";
				SWIFT_EMIT_LOC_STRINGS = NO;
				SWIFT_VERSION = 5.0;
				TARGETED_DEVICE_FAMILY = "1,2";
				TEST_HOST = "$(BUILT_PRODUCTS_DIR)/TabBarController1.app/TabBarController1";
			};
			name = Release;
		};
		1864F5DC27E1FA8C00F4CC71 /* Debug */ = {
			isa = XCBuildConfiguration;
			buildSettings = {
				ALWAYS_EMBED_SWIFT_STANDARD_LIBRARIES = YES;
				CODE_SIGN_STYLE = Automatic;
				CURRENT_PROJECT_VERSION = 1;
				GENERATE_INFOPLIST_FILE = YES;
				MARKETING_VERSION = 1.0;
				PRODUCT_BUNDLE_IDENTIFIER = second.TabBarController1UITests;
				PRODUCT_NAME = "$(TARGET_NAME)";
				SWIFT_EMIT_LOC_STRINGS = NO;
				SWIFT_VERSION = 5.0;
				TARGETED_DEVICE_FAMILY = "1,2";
				TEST_TARGET_NAME = TabBarController1;
			};
			name = Debug;
		};
		1864F5DD27E1FA8C00F4CC71 /* Release */ = {
			isa = XCBuildConfiguration;
			buildSettings = {
				ALWAYS_EMBED_SWIFT_STANDARD_LIBRARIES = YES;
				CODE_SIGN_STYLE = Automatic;
				CURRENT_PROJECT_VERSION = 1;
				GENERATE_INFOPLIST_FILE = YES;
				MARKETING_VERSION = 1.0;
				PRODUCT_BUNDLE_IDENTIFIER = second.TabBarController1UITests;
				PRODUCT_NAME = "$(TARGET_NAME)";
				SWIFT_EMIT_LOC_STRINGS = NO;
				SWIFT_VERSION = 5.0;
				TARGETED_DEVICE_FAMILY = "1,2";
				TEST_TARGET_NAME = TabBarController1;
			};
			name = Release;
		};
/* End XCBuildConfiguration section */

/* Begin XCConfigurationList section */
		1864F5A627E1FA8A00F4CC71 /* Build configuration list for PBXProject "TabBarController1" */ = {
			isa = XCConfigurationList;
			buildConfigurations = (
				1864F5D327E1FA8C00F4CC71 /* Debug */,
				1864F5D427E1FA8C00F4CC71 /* Release */,
			);
			defaultConfigurationIsVisible = 0;
			defaultConfigurationName = Release;
		};
		1864F5D527E1FA8C00F4CC71 /* Build configuration list for PBXNativeTarget "TabBarController1" */ = {
			isa = XCConfigurationList;
			buildConfigurations = (
				1864F5D627E1FA8C00F4CC71 /* Debug */,
				1864F5D727E1FA8C00F4CC71 /* Release */,
			);
			defaultConfigurationIsVisible = 0;
			defaultConfigurationName = Release;
		};
		1864F5D827E1FA8C00F4CC71 /* Build configuration list for PBXNativeTarget "TabBarController1Tests" */ = {
			isa = XCConfigurationList;
			buildConfigurations = (
				1864F5D927E1FA8C00F4CC71 /* Debug */,
				1864F5DA27E1FA8C00F4CC71 /* Release */,
			);
			defaultConfigurationIsVisible = 0;
			defaultConfigurationName = Release;
		};
		1864F5DB27E1FA8C00F4CC71 /* Build configuration list for PBXNativeTarget "TabBarController1UITests" */ = {
			isa = XCConfigurationList;
			buildConfigurations = (
				1864F5DC27E1FA8C00F4CC71 /* Debug */,
				1864F5DD27E1FA8C00F4CC71 /* Release */,
			);
			defaultConfigurationIsVisible = 0;
			defaultConfigurationName = Release;
		};
/* End XCConfigurationList section */
	};
	rootObject = 1864F5A327E1FA8A00F4CC71 /* Project object */;
}
